PODS:
  - FlutterMacOS (1.0.0)
  - gal (0.0.1):
    - FlutterMacOS

DEPENDENCIES:
  - FlutterMacOS (from `Flutter/ephemeral`)
  - gal (from `Flutter/ephemeral/.symlinks/plugins/gal/macos`)

EXTERNAL SOURCES:
  FlutterMacOS:
    :path: Flutter/ephemeral
  gal:
    :path: Flutter/ephemeral/.symlinks/plugins/gal/macos

SPEC CHECKSUMS:
  FlutterMacOS: 8f6f14fa908a6fb3fba0cd85dbd81ec4b251fb24
  gal: bdb151bbc8320f3d61c44a0179bbd01cb4823b07

PODFILE CHECKSUM: 6f6c33abc0b3eb50aa8ca36434002f7511f4dc23

COCOAPODS: 1.12.1
