PODS:
  - FlutterMacOS (1.0.0)
  - gal (1.0.0):
    - FlutterMacOS

DEPENDENCIES:
  - FlutterMacOS (from `Flutter/ephemeral`)
  - gal (from `Flutter/ephemeral/.symlinks/plugins/gal/macos`)

EXTERNAL SOURCES:
  FlutterMacOS:
    :path: Flutter/ephemeral
  gal:
    :path: Flutter/ephemeral/.symlinks/plugins/gal/macos

SPEC CHECKSUMS:
  FlutterMacOS: 8f6f14fa908a6fb3fba0cd85dbd81ec4b251fb24
  gal: 4af6309300691afbe1e3a5b908bbaacd236eb043

PODFILE CHECKSUM: 23282d8bcd3669427c3011c3d9efa633cc463571

COCOAPODS: 1.12.1
